
Microsoft Visual Studio Solution File, Format Version 12.00
# Visual Studio 15
VisualStudioVersion = 15.0.28010.2036
MinimumVisualStudioVersion = 10.0.40219.1
Project("{8BC9CEB8-8B4A-11D0-8D11-00A0C91BC942}") = "C++TestRidi", "C++TestRidi\C++TestRidi.vcxproj", "{F33F2202-C0FB-472E-8CE8-B3973B625E26}"
EndProject
Global
	GlobalSection(SolutionConfigurationPlatforms) = preSolution
		Debug|x64 = Debug|x64
		Debug|x86 = Debug|x86
		Release|x64 = Release|x64
		Release|x86 = Release|x86
	EndGlobalSection
	GlobalSection(ProjectConfigurationPlatforms) = postSolution
		{F33F2202-C0FB-472E-8CE8-B3973B625E26}.Debug|x64.ActiveCfg = Debug|x64
		{F33F2202-C0FB-472E-8CE8-B3973B625E26}.Debug|x64.Build.0 = Debug|x64
		{F33F2202-C0FB-472E-8CE8-B3973B625E26}.Debug|x86.ActiveCfg = Debug|Win32
		{F33F2202-C0FB-472E-8CE8-B3973B625E26}.Debug|x86.Build.0 = Debug|Win32
		{F33F2202-C0FB-472E-8CE8-B3973B625E26}.Release|x64.ActiveCfg = Release|x64
		{F33F2202-C0FB-472E-8CE8-B3973B625E26}.Release|x64.Build.0 = Release|x64
		{F33F2202-C0FB-472E-8CE8-B3973B625E26}.Release|x86.ActiveCfg = Release|Win32
		{F33F2202-C0FB-472E-8CE8-B3973B625E26}.Release|x86.Build.0 = Release|Win32
	EndGlobalSection
	GlobalSection(SolutionProperties) = preSolution
		HideSolutionNode = FALSE
	EndGlobalSection
	GlobalSection(ExtensibilityGlobals) = postSolution
		SolutionGuid = {331ACF22-A293-4D8C-8888-FF1202479DB8}
	EndGlobalSection
EndGlobal
